
Microsoft Visual Studio Solution File, Format Version 12.00
# Visual Studio Version 17
VisualStudioVersion = 17.11.35327.3
MinimumVisualStudioVersion = 10.0.40219.1
Project("{FAE04EC0-301F-11D3-BF4B-00C04F79EFBC}") = "Proiect_CulturalEvents", "Proiect_CulturalEvents.csproj", "{F92A099D-7690-43DD-98F3-C0666C250794}"
EndProject
Global
	GlobalSection(SolutionConfigurationPlatforms) = preSolution
		Debug|Any CPU = Debug|Any CPU
		Release|Any CPU = Release|Any CPU
	EndGlobalSection
	GlobalSection(ProjectConfigurationPlatforms) = postSolution
		{F92A099D-7690-43DD-98F3-C0666C250794}.Debug|Any CPU.ActiveCfg = Debug|Any CPU
		{F92A099D-7690-43DD-98F3-C0666C250794}.Debug|Any CPU.Build.0 = Debug|Any CPU
		{F92A099D-7690-43DD-98F3-C0666C250794}.Release|Any CPU.ActiveCfg = Release|Any CPU
		{F92A099D-7690-43DD-98F3-C0666C250794}.Release|Any CPU.Build.0 = Release|Any CPU
	EndGlobalSection
	GlobalSection(SolutionProperties) = preSolution
		HideSolutionNode = FALSE
	EndGlobalSection
	GlobalSection(ExtensibilityGlobals) = postSolution
		SolutionGuid = {FFD2C7E2-EBE8-4A8F-AF1A-F5942F0D66A0}
	EndGlobalSection
EndGlobal
